# This file is automatically @generated by Cargo.
# It is not intended for manual editing.
version = 3

[[package]]
name = "curry-macro"
version = "0.1.0"
source = "registry+https://github.com/rust-lang/crates.io-index"
checksum = "aac7300a807f7429e176331af8b9d9373c29e31ae3314910d0cb7658762973f2"

[[package]]
name = "dependent_types"
version = "0.1.0"
dependencies = [
 "curry-macro",
 "dyn-clone",
]

[[package]]
name = "dyn-clone"
version = "1.0.16"
source = "registry+https://github.com/rust-lang/crates.io-index"
checksum = "545b22097d44f8a9581187cdf93de7a71e4722bf51200cfaba810865b49a495d"
